
Microsoft Visual Studio Solution File, Format Version 12.00
# Visual Studio 2013
VisualStudioVersion = 12.0.31101.0
MinimumVisualStudioVersion = 10.0.40219.1
Project("{FAE04EC0-301F-11D3-BF4B-00C04F79EFBC}") = "Task1", "Task1\Task1.csproj", "{7C95B8AD-AC10-4961-8D4F-6DA79495F255}"
EndProject
Project("{FAE04EC0-301F-11D3-BF4B-00C04F79EFBC}") = "Task3", "Task3\Task3.csproj", "{2039EDBE-B0A8-40A5-B3FD-604AF23190D6}"
EndProject
Project("{FAE04EC0-301F-11D3-BF4B-00C04F79EFBC}") = "Task4", "Task4\Task4.csproj", "{96B6ACB4-89B6-4FA8-982A-BBCE362C99A4}"
EndProject
Global
	GlobalSection(SolutionConfigurationPlatforms) = preSolution
		Debug|Any CPU = Debug|Any CPU
		Release|Any CPU = Release|Any CPU
	EndGlobalSection
	GlobalSection(ProjectConfigurationPlatforms) = postSolution
		{7C95B8AD-AC10-4961-8D4F-6DA79495F255}.Debug|Any CPU.ActiveCfg = Debug|Any CPU
		{7C95B8AD-AC10-4961-8D4F-6DA79495F255}.Debug|Any CPU.Build.0 = Debug|Any CPU
		{7C95B8AD-AC10-4961-8D4F-6DA79495F255}.Release|Any CPU.ActiveCfg = Release|Any CPU
		{7C95B8AD-AC10-4961-8D4F-6DA79495F255}.Release|Any CPU.Build.0 = Release|Any CPU
		{2039EDBE-B0A8-40A5-B3FD-604AF23190D6}.Debug|Any CPU.ActiveCfg = Debug|Any CPU
		{2039EDBE-B0A8-40A5-B3FD-604AF23190D6}.Debug|Any CPU.Build.0 = Debug|Any CPU
		{2039EDBE-B0A8-40A5-B3FD-604AF23190D6}.Release|Any CPU.ActiveCfg = Release|Any CPU
		{2039EDBE-B0A8-40A5-B3FD-604AF23190D6}.Release|Any CPU.Build.0 = Release|Any CPU
		{96B6ACB4-89B6-4FA8-982A-BBCE362C99A4}.Debug|Any CPU.ActiveCfg = Debug|Any CPU
		{96B6ACB4-89B6-4FA8-982A-BBCE362C99A4}.Debug|Any CPU.Build.0 = Debug|Any CPU
		{96B6ACB4-89B6-4FA8-982A-BBCE362C99A4}.Release|Any CPU.ActiveCfg = Release|Any CPU
		{96B6ACB4-89B6-4FA8-982A-BBCE362C99A4}.Release|Any CPU.Build.0 = Release|Any CPU
	EndGlobalSection
	GlobalSection(SolutionProperties) = preSolution
		HideSolutionNode = FALSE
	EndGlobalSection
EndGlobal
