
Microsoft Visual Studio Solution File, Format Version 12.00
# Visual Studio 2013
VisualStudioVersion = 12.0.31101.0
MinimumVisualStudioVersion = 10.0.40219.1
Project("{FAE04EC0-301F-11D3-BF4B-00C04F79EFBC}") = "Task1", "Task1\Task1.csproj", "{F52C709E-CCC8-4D75-BFBE-4FA10B319142}"
EndProject
Project("{FAE04EC0-301F-11D3-BF4B-00C04F79EFBC}") = "Task2", "Task2\Task2.csproj", "{A222F30A-582C-42AB-A034-78009B4E5567}"
EndProject
Project("{FAE04EC0-301F-11D3-BF4B-00C04F79EFBC}") = "Task3", "Task3\Task3.csproj", "{AFFE8609-88F2-4728-8136-627F33E8E5A7}"
EndProject
Global
	GlobalSection(SolutionConfigurationPlatforms) = preSolution
		Debug|Any CPU = Debug|Any CPU
		Release|Any CPU = Release|Any CPU
	EndGlobalSection
	GlobalSection(ProjectConfigurationPlatforms) = postSolution
		{F52C709E-CCC8-4D75-BFBE-4FA10B319142}.Debug|Any CPU.ActiveCfg = Debug|Any CPU
		{F52C709E-CCC8-4D75-BFBE-4FA10B319142}.Debug|Any CPU.Build.0 = Debug|Any CPU
		{F52C709E-CCC8-4D75-BFBE-4FA10B319142}.Release|Any CPU.ActiveCfg = Release|Any CPU
		{F52C709E-CCC8-4D75-BFBE-4FA10B319142}.Release|Any CPU.Build.0 = Release|Any CPU
		{A222F30A-582C-42AB-A034-78009B4E5567}.Debug|Any CPU.ActiveCfg = Debug|Any CPU
		{A222F30A-582C-42AB-A034-78009B4E5567}.Debug|Any CPU.Build.0 = Debug|Any CPU
		{A222F30A-582C-42AB-A034-78009B4E5567}.Release|Any CPU.ActiveCfg = Release|Any CPU
		{A222F30A-582C-42AB-A034-78009B4E5567}.Release|Any CPU.Build.0 = Release|Any CPU
		{AFFE8609-88F2-4728-8136-627F33E8E5A7}.Debug|Any CPU.ActiveCfg = Debug|Any CPU
		{AFFE8609-88F2-4728-8136-627F33E8E5A7}.Debug|Any CPU.Build.0 = Debug|Any CPU
		{AFFE8609-88F2-4728-8136-627F33E8E5A7}.Release|Any CPU.ActiveCfg = Release|Any CPU
		{AFFE8609-88F2-4728-8136-627F33E8E5A7}.Release|Any CPU.Build.0 = Release|Any CPU
	EndGlobalSection
	GlobalSection(SolutionProperties) = preSolution
		HideSolutionNode = FALSE
	EndGlobalSection
EndGlobal
