
Microsoft Visual Studio Solution File, Format Version 12.00
# Visual Studio 2013
VisualStudioVersion = 12.0.31101.0
MinimumVisualStudioVersion = 10.0.40219.1
Project("{FAE04EC0-301F-11D3-BF4B-00C04F79EFBC}") = "Task1", "Task1\Task1.csproj", "{01D520C5-1256-4E67-AC76-F9BEF5E8734D}"
EndProject
Project("{FAE04EC0-301F-11D3-BF4B-00C04F79EFBC}") = "Task2", "Task2\Task2.csproj", "{C7FC491C-227A-422E-9D99-919163AE0E15}"
EndProject
Global
	GlobalSection(SolutionConfigurationPlatforms) = preSolution
		Debug|Any CPU = Debug|Any CPU
		Release|Any CPU = Release|Any CPU
	EndGlobalSection
	GlobalSection(ProjectConfigurationPlatforms) = postSolution
		{01D520C5-1256-4E67-AC76-F9BEF5E8734D}.Debug|Any CPU.ActiveCfg = Debug|Any CPU
		{01D520C5-1256-4E67-AC76-F9BEF5E8734D}.Debug|Any CPU.Build.0 = Debug|Any CPU
		{01D520C5-1256-4E67-AC76-F9BEF5E8734D}.Release|Any CPU.ActiveCfg = Release|Any CPU
		{01D520C5-1256-4E67-AC76-F9BEF5E8734D}.Release|Any CPU.Build.0 = Release|Any CPU
		{C7FC491C-227A-422E-9D99-919163AE0E15}.Debug|Any CPU.ActiveCfg = Debug|Any CPU
		{C7FC491C-227A-422E-9D99-919163AE0E15}.Debug|Any CPU.Build.0 = Debug|Any CPU
		{C7FC491C-227A-422E-9D99-919163AE0E15}.Release|Any CPU.ActiveCfg = Release|Any CPU
		{C7FC491C-227A-422E-9D99-919163AE0E15}.Release|Any CPU.Build.0 = Release|Any CPU
	EndGlobalSection
	GlobalSection(SolutionProperties) = preSolution
		HideSolutionNode = FALSE
	EndGlobalSection
EndGlobal
