
Microsoft Visual Studio Solution File, Format Version 12.00
# Visual Studio 2013
VisualStudioVersion = 12.0.31101.0
MinimumVisualStudioVersion = 10.0.40219.1
Project("{FAE04EC0-301F-11D3-BF4B-00C04F79EFBC}") = "Task1", "Task1\Task1.csproj", "{1512143E-A6C3-49FC-B9EB-08E3DE7119EE}"
EndProject
Project("{FAE04EC0-301F-11D3-BF4B-00C04F79EFBC}") = "Task2", "Task2\Task2.csproj", "{BA2205EF-9C64-4CD7-95D7-71F79A29642B}"
EndProject
Project("{FAE04EC0-301F-11D3-BF4B-00C04F79EFBC}") = "Task3", "Task3\Task3.csproj", "{93429D5B-3973-4169-A4BE-9B37FFDC6853}"
EndProject
Project("{FAE04EC0-301F-11D3-BF4B-00C04F79EFBC}") = "Task4", "Task4\Task4.csproj", "{A252E410-AB10-44DA-90CE-91448EF7BA74}"
EndProject
Global
	GlobalSection(SolutionConfigurationPlatforms) = preSolution
		Debug|Any CPU = Debug|Any CPU
		Release|Any CPU = Release|Any CPU
	EndGlobalSection
	GlobalSection(ProjectConfigurationPlatforms) = postSolution
		{1512143E-A6C3-49FC-B9EB-08E3DE7119EE}.Debug|Any CPU.ActiveCfg = Debug|Any CPU
		{1512143E-A6C3-49FC-B9EB-08E3DE7119EE}.Debug|Any CPU.Build.0 = Debug|Any CPU
		{1512143E-A6C3-49FC-B9EB-08E3DE7119EE}.Release|Any CPU.ActiveCfg = Release|Any CPU
		{1512143E-A6C3-49FC-B9EB-08E3DE7119EE}.Release|Any CPU.Build.0 = Release|Any CPU
		{BA2205EF-9C64-4CD7-95D7-71F79A29642B}.Debug|Any CPU.ActiveCfg = Debug|Any CPU
		{BA2205EF-9C64-4CD7-95D7-71F79A29642B}.Debug|Any CPU.Build.0 = Debug|Any CPU
		{BA2205EF-9C64-4CD7-95D7-71F79A29642B}.Release|Any CPU.ActiveCfg = Release|Any CPU
		{BA2205EF-9C64-4CD7-95D7-71F79A29642B}.Release|Any CPU.Build.0 = Release|Any CPU
		{93429D5B-3973-4169-A4BE-9B37FFDC6853}.Debug|Any CPU.ActiveCfg = Debug|Any CPU
		{93429D5B-3973-4169-A4BE-9B37FFDC6853}.Debug|Any CPU.Build.0 = Debug|Any CPU
		{93429D5B-3973-4169-A4BE-9B37FFDC6853}.Release|Any CPU.ActiveCfg = Release|Any CPU
		{93429D5B-3973-4169-A4BE-9B37FFDC6853}.Release|Any CPU.Build.0 = Release|Any CPU
		{A252E410-AB10-44DA-90CE-91448EF7BA74}.Debug|Any CPU.ActiveCfg = Debug|Any CPU
		{A252E410-AB10-44DA-90CE-91448EF7BA74}.Debug|Any CPU.Build.0 = Debug|Any CPU
		{A252E410-AB10-44DA-90CE-91448EF7BA74}.Release|Any CPU.ActiveCfg = Release|Any CPU
		{A252E410-AB10-44DA-90CE-91448EF7BA74}.Release|Any CPU.Build.0 = Release|Any CPU
	EndGlobalSection
	GlobalSection(SolutionProperties) = preSolution
		HideSolutionNode = FALSE
	EndGlobalSection
EndGlobal
